
Microsoft Visual Studio Solution File, Format Version 12.00
# Visual Studio Version 16
VisualStudioVersion = 25.0.1704.2
MinimumVisualStudioVersion = 10.0.40219.1
Project("{FAE04EC0-301F-11D3-BF4B-00C04F79EFBC}") = "FilmFinderApi", "FilmFinderApi.csproj", "{825918F9-37E1-4047-B19F-B6F997F5B627}"
EndProject
Global
	GlobalSection(SolutionConfigurationPlatforms) = preSolution
		Debug|Any CPU = Debug|Any CPU
		Release|Any CPU = Release|Any CPU
	EndGlobalSection
	GlobalSection(ProjectConfigurationPlatforms) = postSolution
		{825918F9-37E1-4047-B19F-B6F997F5B627}.Debug|Any CPU.ActiveCfg = Debug|Any CPU
		{825918F9-37E1-4047-B19F-B6F997F5B627}.Debug|Any CPU.Build.0 = Debug|Any CPU
		{825918F9-37E1-4047-B19F-B6F997F5B627}.Release|Any CPU.ActiveCfg = Release|Any CPU
		{825918F9-37E1-4047-B19F-B6F997F5B627}.Release|Any CPU.Build.0 = Release|Any CPU
	EndGlobalSection
	GlobalSection(SolutionProperties) = preSolution
		HideSolutionNode = FALSE
	EndGlobalSection
	GlobalSection(ExtensibilityGlobals) = postSolution
		SolutionGuid = {F1249F64-4316-4DE4-95AB-7875383AFE19}
	EndGlobalSection
EndGlobal
